
Microsoft Visual Studio Solution File, Format Version 12.00
Project("{FAE04EC0-301F-11D3-BF4B-00C04F79EFBC}") = "Core", "Core\Core.csproj", "{4D73304B-5276-467E-9E18-B34C2649C705}"
EndProject
Project("{FAE04EC0-301F-11D3-BF4B-00C04F79EFBC}") = "UI", "UI\UI.csproj", "{204466F2-5F8D-4556-B11C-4CC24D6DA3A3}"
EndProject
Global
	GlobalSection(SolutionConfigurationPlatforms) = preSolution
		Debug|Any CPU = Debug|Any CPU
		Release|Any CPU = Release|Any CPU
	EndGlobalSection
	GlobalSection(ProjectConfigurationPlatforms) = postSolution
		{4D73304B-5276-467E-9E18-B34C2649C705}.Debug|Any CPU.ActiveCfg = Debug|Any CPU
		{4D73304B-5276-467E-9E18-B34C2649C705}.Debug|Any CPU.Build.0 = Debug|Any CPU
		{4D73304B-5276-467E-9E18-B34C2649C705}.Release|Any CPU.ActiveCfg = Release|Any CPU
		{4D73304B-5276-467E-9E18-B34C2649C705}.Release|Any CPU.Build.0 = Release|Any CPU
		{204466F2-5F8D-4556-B11C-4CC24D6DA3A3}.Debug|Any CPU.ActiveCfg = Debug|Any CPU
		{204466F2-5F8D-4556-B11C-4CC24D6DA3A3}.Debug|Any CPU.Build.0 = Debug|Any CPU
		{204466F2-5F8D-4556-B11C-4CC24D6DA3A3}.Release|Any CPU.ActiveCfg = Release|Any CPU
		{204466F2-5F8D-4556-B11C-4CC24D6DA3A3}.Release|Any CPU.Build.0 = Release|Any CPU
	EndGlobalSection
EndGlobal
